
Microsoft Visual Studio Solution File, Format Version 12.00
# Visual Studio Version 17
VisualStudioVersion = 17.0.31903.59
MinimumVisualStudioVersion = 10.0.40219.1
Project("{FAE04EC0-301F-11D3-BF4B-00C04F79EFBC}") = "task02", "task02\task02.csproj", "{127DC723-0D73-4E95-B489-5980745091EA}"
EndProject
Project("{FAE04EC0-301F-11D3-BF4B-00C04F79EFBC}") = "task02tests", "task02tests\task02tests.csproj", "{CA7AD3BB-641D-4A96-BE74-D54A62CA02FF}"
EndProject
Global
	GlobalSection(SolutionConfigurationPlatforms) = preSolution
		Debug|Any CPU = Debug|Any CPU
		Release|Any CPU = Release|Any CPU
	EndGlobalSection
	GlobalSection(SolutionProperties) = preSolution
		HideSolutionNode = FALSE
	EndGlobalSection
	GlobalSection(ProjectConfigurationPlatforms) = postSolution
		{127DC723-0D73-4E95-B489-5980745091EA}.Debug|Any CPU.ActiveCfg = Debug|Any CPU
		{127DC723-0D73-4E95-B489-5980745091EA}.Debug|Any CPU.Build.0 = Debug|Any CPU
		{127DC723-0D73-4E95-B489-5980745091EA}.Release|Any CPU.ActiveCfg = Release|Any CPU
		{127DC723-0D73-4E95-B489-5980745091EA}.Release|Any CPU.Build.0 = Release|Any CPU
		{CA7AD3BB-641D-4A96-BE74-D54A62CA02FF}.Debug|Any CPU.ActiveCfg = Debug|Any CPU
		{CA7AD3BB-641D-4A96-BE74-D54A62CA02FF}.Debug|Any CPU.Build.0 = Debug|Any CPU
		{CA7AD3BB-641D-4A96-BE74-D54A62CA02FF}.Release|Any CPU.ActiveCfg = Release|Any CPU
		{CA7AD3BB-641D-4A96-BE74-D54A62CA02FF}.Release|Any CPU.Build.0 = Release|Any CPU
	EndGlobalSection
EndGlobal
