
Microsoft Visual Studio Solution File, Format Version 12.00
# Visual Studio Version 17
VisualStudioVersion = 17.0.31903.59
MinimumVisualStudioVersion = 10.0.40219.1
Project("{FAE04EC0-301F-11D3-BF4B-00C04F79EFBC}") = "task07", "task07\task07.csproj", "{B61F8AF1-49F2-4788-8285-EBDFFE707FA0}"
EndProject
Project("{FAE04EC0-301F-11D3-BF4B-00C04F79EFBC}") = "task07tests", "task07tests\task07tests.csproj", "{A624A256-A2B6-4D09-A5FF-EF2215CF5E85}"
EndProject
Project("{FAE04EC0-301F-11D3-BF4B-00C04F79EFBC}") = "task08tests", "task08tests\task08tests.csproj", "{DA28F65D-AF64-4374-A847-0E7F6919F05F}"
EndProject
Project("{2150E333-8FDC-42A3-9474-1A3956D46DE8}") = "task08", "task08", "{E6E535B6-8A14-410A-8E20-2D4037A1863E}"
EndProject
Project("{FAE04EC0-301F-11D3-BF4B-00C04F79EFBC}") = "CommandLib", "task08\CommandLib\CommandLib.csproj", "{04223EE7-589D-451A-B31E-8364DCE0EDC5}"
EndProject
Project("{FAE04EC0-301F-11D3-BF4B-00C04F79EFBC}") = "FileSystemCommands", "task08\FileSystemCommands\FileSystemCommands.csproj", "{1E089852-0C9C-4D10-9CFF-18C908EBD21D}"
EndProject
Project("{FAE04EC0-301F-11D3-BF4B-00C04F79EFBC}") = "CommandRunner", "task08\CommandRunner\CommandRunner.csproj", "{398A657B-D65D-4930-86DF-40C1FFF284D6}"
EndProject
Project("{FAE04EC0-301F-11D3-BF4B-00C04F79EFBC}") = "MetadataViewer", "task08\MetadataViewer\MetadataViewer.csproj", "{CE5A9DDA-0F99-40DB-9BEE-0AE9EC9ECDA7}"
EndProject
Project("{FAE04EC0-301F-11D3-BF4B-00C04F79EFBC}") = "task10", "task10\task10.csproj", "{B737499D-0528-4FDA-AD28-A8CA74BF6844}"
EndProject
Project("{FAE04EC0-301F-11D3-BF4B-00C04F79EFBC}") = "task10tests", "task10tests\task10tests.csproj", "{098F5DFC-24B1-48F8-A1BC-4865F32DEC11}"
EndProject
Global
	GlobalSection(SolutionConfigurationPlatforms) = preSolution
		Debug|Any CPU = Debug|Any CPU
		Release|Any CPU = Release|Any CPU
	EndGlobalSection
	GlobalSection(SolutionProperties) = preSolution
		HideSolutionNode = FALSE
	EndGlobalSection
	GlobalSection(ProjectConfigurationPlatforms) = postSolution
		{B61F8AF1-49F2-4788-8285-EBDFFE707FA0}.Debug|Any CPU.ActiveCfg = Debug|Any CPU
		{B61F8AF1-49F2-4788-8285-EBDFFE707FA0}.Debug|Any CPU.Build.0 = Debug|Any CPU
		{B61F8AF1-49F2-4788-8285-EBDFFE707FA0}.Release|Any CPU.ActiveCfg = Release|Any CPU
		{B61F8AF1-49F2-4788-8285-EBDFFE707FA0}.Release|Any CPU.Build.0 = Release|Any CPU
		{A624A256-A2B6-4D09-A5FF-EF2215CF5E85}.Debug|Any CPU.ActiveCfg = Debug|Any CPU
		{A624A256-A2B6-4D09-A5FF-EF2215CF5E85}.Debug|Any CPU.Build.0 = Debug|Any CPU
		{A624A256-A2B6-4D09-A5FF-EF2215CF5E85}.Release|Any CPU.ActiveCfg = Release|Any CPU
		{A624A256-A2B6-4D09-A5FF-EF2215CF5E85}.Release|Any CPU.Build.0 = Release|Any CPU
		{DA28F65D-AF64-4374-A847-0E7F6919F05F}.Debug|Any CPU.ActiveCfg = Debug|Any CPU
		{DA28F65D-AF64-4374-A847-0E7F6919F05F}.Debug|Any CPU.Build.0 = Debug|Any CPU
		{DA28F65D-AF64-4374-A847-0E7F6919F05F}.Release|Any CPU.ActiveCfg = Release|Any CPU
		{DA28F65D-AF64-4374-A847-0E7F6919F05F}.Release|Any CPU.Build.0 = Release|Any CPU
		{04223EE7-589D-451A-B31E-8364DCE0EDC5}.Debug|Any CPU.ActiveCfg = Debug|Any CPU
		{04223EE7-589D-451A-B31E-8364DCE0EDC5}.Debug|Any CPU.Build.0 = Debug|Any CPU
		{04223EE7-589D-451A-B31E-8364DCE0EDC5}.Release|Any CPU.ActiveCfg = Release|Any CPU
		{04223EE7-589D-451A-B31E-8364DCE0EDC5}.Release|Any CPU.Build.0 = Release|Any CPU
		{1E089852-0C9C-4D10-9CFF-18C908EBD21D}.Debug|Any CPU.ActiveCfg = Debug|Any CPU
		{1E089852-0C9C-4D10-9CFF-18C908EBD21D}.Debug|Any CPU.Build.0 = Debug|Any CPU
		{1E089852-0C9C-4D10-9CFF-18C908EBD21D}.Release|Any CPU.ActiveCfg = Release|Any CPU
		{1E089852-0C9C-4D10-9CFF-18C908EBD21D}.Release|Any CPU.Build.0 = Release|Any CPU
		{398A657B-D65D-4930-86DF-40C1FFF284D6}.Debug|Any CPU.ActiveCfg = Debug|Any CPU
		{398A657B-D65D-4930-86DF-40C1FFF284D6}.Debug|Any CPU.Build.0 = Debug|Any CPU
		{398A657B-D65D-4930-86DF-40C1FFF284D6}.Release|Any CPU.ActiveCfg = Release|Any CPU
		{398A657B-D65D-4930-86DF-40C1FFF284D6}.Release|Any CPU.Build.0 = Release|Any CPU
		{CE5A9DDA-0F99-40DB-9BEE-0AE9EC9ECDA7}.Debug|Any CPU.ActiveCfg = Debug|Any CPU
		{CE5A9DDA-0F99-40DB-9BEE-0AE9EC9ECDA7}.Debug|Any CPU.Build.0 = Debug|Any CPU
		{CE5A9DDA-0F99-40DB-9BEE-0AE9EC9ECDA7}.Release|Any CPU.ActiveCfg = Release|Any CPU
		{CE5A9DDA-0F99-40DB-9BEE-0AE9EC9ECDA7}.Release|Any CPU.Build.0 = Release|Any CPU
		{B737499D-0528-4FDA-AD28-A8CA74BF6844}.Debug|Any CPU.ActiveCfg = Debug|Any CPU
		{B737499D-0528-4FDA-AD28-A8CA74BF6844}.Debug|Any CPU.Build.0 = Debug|Any CPU
		{B737499D-0528-4FDA-AD28-A8CA74BF6844}.Release|Any CPU.ActiveCfg = Release|Any CPU
		{B737499D-0528-4FDA-AD28-A8CA74BF6844}.Release|Any CPU.Build.0 = Release|Any CPU
		{098F5DFC-24B1-48F8-A1BC-4865F32DEC11}.Debug|Any CPU.ActiveCfg = Debug|Any CPU
		{098F5DFC-24B1-48F8-A1BC-4865F32DEC11}.Debug|Any CPU.Build.0 = Debug|Any CPU
		{098F5DFC-24B1-48F8-A1BC-4865F32DEC11}.Release|Any CPU.ActiveCfg = Release|Any CPU
		{098F5DFC-24B1-48F8-A1BC-4865F32DEC11}.Release|Any CPU.Build.0 = Release|Any CPU
	EndGlobalSection
	GlobalSection(NestedProjects) = preSolution
		{04223EE7-589D-451A-B31E-8364DCE0EDC5} = {E6E535B6-8A14-410A-8E20-2D4037A1863E}
		{1E089852-0C9C-4D10-9CFF-18C908EBD21D} = {E6E535B6-8A14-410A-8E20-2D4037A1863E}
		{398A657B-D65D-4930-86DF-40C1FFF284D6} = {E6E535B6-8A14-410A-8E20-2D4037A1863E}
		{CE5A9DDA-0F99-40DB-9BEE-0AE9EC9ECDA7} = {E6E535B6-8A14-410A-8E20-2D4037A1863E}
	EndGlobalSection
EndGlobal
