
Microsoft Visual Studio Solution File, Format Version 12.00
# Visual Studio Version 17
VisualStudioVersion = 17.0.31903.59
MinimumVisualStudioVersion = 10.0.40219.1
Project("{FAE04EC0-301F-11D3-BF4B-00C04F79EFBC}") = "task18", "task18\task18.csproj", "{C6F27A5D-0EBF-4B48-A3FB-0BC862747696}"
EndProject
Project("{FAE04EC0-301F-11D3-BF4B-00C04F79EFBC}") = "task18tests", "task18tests\task18tests.csproj", "{B588F9CA-AA93-4D3E-B296-CCF88405AEDA}"
EndProject
Project("{FAE04EC0-301F-11D3-BF4B-00C04F79EFBC}") = "task19", "task19\task19.csproj", "{C3AA0E48-C559-4B4D-BF59-423DA610DB1F}"
EndProject
Project("{FAE04EC0-301F-11D3-BF4B-00C04F79EFBC}") = "task19tests", "task19tests\task19tests.csproj", "{DFBFF959-9399-429C-B9F5-0707733AEFE6}"
EndProject
Global
	GlobalSection(SolutionConfigurationPlatforms) = preSolution
		Debug|Any CPU = Debug|Any CPU
		Release|Any CPU = Release|Any CPU
	EndGlobalSection
	GlobalSection(SolutionProperties) = preSolution
		HideSolutionNode = FALSE
	EndGlobalSection
	GlobalSection(ProjectConfigurationPlatforms) = postSolution
		{C6F27A5D-0EBF-4B48-A3FB-0BC862747696}.Debug|Any CPU.ActiveCfg = Debug|Any CPU
		{C6F27A5D-0EBF-4B48-A3FB-0BC862747696}.Debug|Any CPU.Build.0 = Debug|Any CPU
		{C6F27A5D-0EBF-4B48-A3FB-0BC862747696}.Release|Any CPU.ActiveCfg = Release|Any CPU
		{C6F27A5D-0EBF-4B48-A3FB-0BC862747696}.Release|Any CPU.Build.0 = Release|Any CPU
		{B588F9CA-AA93-4D3E-B296-CCF88405AEDA}.Debug|Any CPU.ActiveCfg = Debug|Any CPU
		{B588F9CA-AA93-4D3E-B296-CCF88405AEDA}.Debug|Any CPU.Build.0 = Debug|Any CPU
		{B588F9CA-AA93-4D3E-B296-CCF88405AEDA}.Release|Any CPU.ActiveCfg = Release|Any CPU
		{B588F9CA-AA93-4D3E-B296-CCF88405AEDA}.Release|Any CPU.Build.0 = Release|Any CPU
		{C3AA0E48-C559-4B4D-BF59-423DA610DB1F}.Debug|Any CPU.ActiveCfg = Debug|Any CPU
		{C3AA0E48-C559-4B4D-BF59-423DA610DB1F}.Debug|Any CPU.Build.0 = Debug|Any CPU
		{C3AA0E48-C559-4B4D-BF59-423DA610DB1F}.Release|Any CPU.ActiveCfg = Release|Any CPU
		{C3AA0E48-C559-4B4D-BF59-423DA610DB1F}.Release|Any CPU.Build.0 = Release|Any CPU
		{DFBFF959-9399-429C-B9F5-0707733AEFE6}.Debug|Any CPU.ActiveCfg = Debug|Any CPU
		{DFBFF959-9399-429C-B9F5-0707733AEFE6}.Debug|Any CPU.Build.0 = Debug|Any CPU
		{DFBFF959-9399-429C-B9F5-0707733AEFE6}.Release|Any CPU.ActiveCfg = Release|Any CPU
		{DFBFF959-9399-429C-B9F5-0707733AEFE6}.Release|Any CPU.Build.0 = Release|Any CPU
	EndGlobalSection
EndGlobal
